
Microsoft Visual Studio Solution File, Format Version 12.00
# Visual Studio Version 17
VisualStudioVersion = 17.14.36121.58 d17.14
MinimumVisualStudioVersion = 10.0.40219.1
Project("{FAE04EC0-301F-11D3-BF4B-00C04F79EFBC}") = "TeamWork OPC", "TeamWork OPC\TeamWork OPC.csproj", "{83DC406E-283E-4616-A3DB-292795459443}"
EndProject
Global
	GlobalSection(SolutionConfigurationPlatforms) = preSolution
		Debug|Any CPU = Debug|Any CPU
		Release|Any CPU = Release|Any CPU
	EndGlobalSection
	GlobalSection(ProjectConfigurationPlatforms) = postSolution
		{83DC406E-283E-4616-A3DB-292795459443}.Debug|Any CPU.ActiveCfg = Debug|Any CPU
		{83DC406E-283E-4616-A3DB-292795459443}.Debug|Any CPU.Build.0 = Debug|Any CPU
		{83DC406E-283E-4616-A3DB-292795459443}.Release|Any CPU.ActiveCfg = Release|Any CPU
		{83DC406E-283E-4616-A3DB-292795459443}.Release|Any CPU.Build.0 = Release|Any CPU
	EndGlobalSection
	GlobalSection(SolutionProperties) = preSolution
		HideSolutionNode = FALSE
	EndGlobalSection
	GlobalSection(ExtensibilityGlobals) = postSolution
		SolutionGuid = {417978C7-A668-4BF4-8D86-D99111F198A5}
	EndGlobalSection
EndGlobal
