Microsoft Visual Studio Solution File, Format Version 12.00
# Visual Studio Version 17
VisualStudioVersion = 17.14.36121.58 d17.14
MinimumVisualStudioVersion = 10.0.40219.1
Project("{FAE04EC0-301F-11D3-BF4B-00C04F79EFBC}") = "API_work.AppHost", "API_work.AppHost\API_work.AppHost.csproj", "{6FB3A5D8-EAE1-4356-8012-A074F017F268}"
EndProject
Project("{FAE04EC0-301F-11D3-BF4B-00C04F79EFBC}") = "API_work.ServiceDefaults", "API_work.ServiceDefaults\API_work.ServiceDefaults.csproj", "{43E8F2DF-0701-8378-070C-1E371A3AE297}"
EndProject
Project("{FAE04EC0-301F-11D3-BF4B-00C04F79EFBC}") = "API_work.ApiService", "API_work.ApiService\API_work.ApiService.csproj", "{9BA186DA-16FE-8B67-03AE-3D9A236138CD}"
EndProject
Project("{FAE04EC0-301F-11D3-BF4B-00C04F79EFBC}") = "API_work.Web", "API_work.Web\API_work.Web.csproj", "{6FFFD88D-F40F-5768-4F6C-9E44E23AAF3D}"
EndProject
Project("{FAE04EC0-301F-11D3-BF4B-00C04F79EFBC}") = "API_work.Tests", "API_work.Tests\API_work.Tests.csproj", "{4BB1FE76-694A-051B-AD7B-3D42399170D2}"
EndProject
Global
	GlobalSection(SolutionConfigurationPlatforms) = preSolution
		Debug|Any CPU = Debug|Any CPU
		Release|Any CPU = Release|Any CPU
	EndGlobalSection
	GlobalSection(ProjectConfigurationPlatforms) = postSolution
		{6FB3A5D8-EAE1-4356-8012-A074F017F268}.Debug|Any CPU.ActiveCfg = Debug|Any CPU
		{6FB3A5D8-EAE1-4356-8012-A074F017F268}.Debug|Any CPU.Build.0 = Debug|Any CPU
		{6FB3A5D8-EAE1-4356-8012-A074F017F268}.Release|Any CPU.ActiveCfg = Release|Any CPU
		{6FB3A5D8-EAE1-4356-8012-A074F017F268}.Release|Any CPU.Build.0 = Release|Any CPU
		{43E8F2DF-0701-8378-070C-1E371A3AE297}.Debug|Any CPU.ActiveCfg = Debug|Any CPU
		{43E8F2DF-0701-8378-070C-1E371A3AE297}.Debug|Any CPU.Build.0 = Debug|Any CPU
		{43E8F2DF-0701-8378-070C-1E371A3AE297}.Release|Any CPU.ActiveCfg = Release|Any CPU
		{43E8F2DF-0701-8378-070C-1E371A3AE297}.Release|Any CPU.Build.0 = Release|Any CPU
		{9BA186DA-16FE-8B67-03AE-3D9A236138CD}.Debug|Any CPU.ActiveCfg = Debug|Any CPU
		{9BA186DA-16FE-8B67-03AE-3D9A236138CD}.Debug|Any CPU.Build.0 = Debug|Any CPU
		{9BA186DA-16FE-8B67-03AE-3D9A236138CD}.Release|Any CPU.ActiveCfg = Release|Any CPU
		{9BA186DA-16FE-8B67-03AE-3D9A236138CD}.Release|Any CPU.Build.0 = Release|Any CPU
		{6FFFD88D-F40F-5768-4F6C-9E44E23AAF3D}.Debug|Any CPU.ActiveCfg = Debug|Any CPU
		{6FFFD88D-F40F-5768-4F6C-9E44E23AAF3D}.Debug|Any CPU.Build.0 = Debug|Any CPU
		{6FFFD88D-F40F-5768-4F6C-9E44E23AAF3D}.Release|Any CPU.ActiveCfg = Release|Any CPU
		{6FFFD88D-F40F-5768-4F6C-9E44E23AAF3D}.Release|Any CPU.Build.0 = Release|Any CPU
		{4BB1FE76-694A-051B-AD7B-3D42399170D2}.Debug|Any CPU.ActiveCfg = Debug|Any CPU
		{4BB1FE76-694A-051B-AD7B-3D42399170D2}.Debug|Any CPU.Build.0 = Debug|Any CPU
		{4BB1FE76-694A-051B-AD7B-3D42399170D2}.Release|Any CPU.ActiveCfg = Release|Any CPU
		{4BB1FE76-694A-051B-AD7B-3D42399170D2}.Release|Any CPU.Build.0 = Release|Any CPU
	EndGlobalSection
	GlobalSection(SolutionProperties) = preSolution
		HideSolutionNode = FALSE
	EndGlobalSection
	GlobalSection(ExtensibilityGlobals) = postSolution
		SolutionGuid = {9AB5404A-3CE6-4D85-8352-CB8D3CFDFA5C}
	EndGlobalSection
EndGlobal
